
Microsoft Visual Studio Solution File, Format Version 12.00
# Visual Studio Version 16
VisualStudioVersion = 16.0.29020.237
MinimumVisualStudioVersion = 10.0.40219.1
Project("{FAE04EC0-301F-11D3-BF4B-00C04F79EFBC}") = "wixsimpleversion", "wixsimpleversion\wixsimpleversion.csproj", "{B3B74E74-D75C-42DE-8E9B-28BE45E251FD}"
	ProjectSection(ProjectDependencies) = postProject
		{32FC67B5-5B84-49B0-BB62-38C5713CAA6D} = {32FC67B5-5B84-49B0-BB62-38C5713CAA6D}
	EndProjectSection
EndProject
Project("{930C7802-8A8C-48F9-8165-68863BCCD9DD}") = "Setup", "Setup\Setup.wixproj", "{31318F82-53C7-454D-8C7E-EAB8C0D53743}"
EndProject
Project("{FAE04EC0-301F-11D3-BF4B-00C04F79EFBC}") = "ChangeWixVersion", "ChangeWixVersion\ChangeWixVersion.csproj", "{32FC67B5-5B84-49B0-BB62-38C5713CAA6D}"
EndProject
Global
	GlobalSection(SolutionConfigurationPlatforms) = preSolution
		Debug|Any CPU = Debug|Any CPU
		Debug|x86 = Debug|x86
		Release|Any CPU = Release|Any CPU
		Release|x86 = Release|x86
	EndGlobalSection
	GlobalSection(ProjectConfigurationPlatforms) = postSolution
		{B3B74E74-D75C-42DE-8E9B-28BE45E251FD}.Debug|Any CPU.ActiveCfg = Debug|Any CPU
		{B3B74E74-D75C-42DE-8E9B-28BE45E251FD}.Debug|Any CPU.Build.0 = Debug|Any CPU
		{B3B74E74-D75C-42DE-8E9B-28BE45E251FD}.Debug|x86.ActiveCfg = Debug|Any CPU
		{B3B74E74-D75C-42DE-8E9B-28BE45E251FD}.Debug|x86.Build.0 = Debug|Any CPU
		{B3B74E74-D75C-42DE-8E9B-28BE45E251FD}.Release|Any CPU.ActiveCfg = Release|Any CPU
		{B3B74E74-D75C-42DE-8E9B-28BE45E251FD}.Release|Any CPU.Build.0 = Release|Any CPU
		{B3B74E74-D75C-42DE-8E9B-28BE45E251FD}.Release|x86.ActiveCfg = Release|Any CPU
		{B3B74E74-D75C-42DE-8E9B-28BE45E251FD}.Release|x86.Build.0 = Release|Any CPU
		{31318F82-53C7-454D-8C7E-EAB8C0D53743}.Debug|Any CPU.ActiveCfg = Debug|x86
		{31318F82-53C7-454D-8C7E-EAB8C0D53743}.Debug|x86.ActiveCfg = Debug|x86
		{31318F82-53C7-454D-8C7E-EAB8C0D53743}.Debug|x86.Build.0 = Debug|x86
		{31318F82-53C7-454D-8C7E-EAB8C0D53743}.Release|Any CPU.ActiveCfg = Release|x86
		{31318F82-53C7-454D-8C7E-EAB8C0D53743}.Release|x86.ActiveCfg = Release|x86
		{31318F82-53C7-454D-8C7E-EAB8C0D53743}.Release|x86.Build.0 = Release|x86
		{32FC67B5-5B84-49B0-BB62-38C5713CAA6D}.Debug|Any CPU.ActiveCfg = Debug|Any CPU
		{32FC67B5-5B84-49B0-BB62-38C5713CAA6D}.Debug|Any CPU.Build.0 = Debug|Any CPU
		{32FC67B5-5B84-49B0-BB62-38C5713CAA6D}.Debug|x86.ActiveCfg = Debug|Any CPU
		{32FC67B5-5B84-49B0-BB62-38C5713CAA6D}.Debug|x86.Build.0 = Debug|Any CPU
		{32FC67B5-5B84-49B0-BB62-38C5713CAA6D}.Release|Any CPU.ActiveCfg = Release|Any CPU
		{32FC67B5-5B84-49B0-BB62-38C5713CAA6D}.Release|Any CPU.Build.0 = Release|Any CPU
		{32FC67B5-5B84-49B0-BB62-38C5713CAA6D}.Release|x86.ActiveCfg = Release|Any CPU
		{32FC67B5-5B84-49B0-BB62-38C5713CAA6D}.Release|x86.Build.0 = Release|Any CPU
	EndGlobalSection
	GlobalSection(SolutionProperties) = preSolution
		HideSolutionNode = FALSE
	EndGlobalSection
	GlobalSection(ExtensibilityGlobals) = postSolution
		SolutionGuid = {256A9DB2-9E8A-4563-8B5E-BC8F6FD6B178}
	EndGlobalSection
EndGlobal
